
Microsoft Visual Studio Solution File, Format Version 12.00
# Visual Studio Version 16
VisualStudioVersion = 16.0.32630.194
MinimumVisualStudioVersion = 10.0.40219.1
Project("{FAE04EC0-301F-11D3-BF4B-00C04F79EFBC}") = "Savas_Ucagi_Oyunu", "Savas_Ucagi_Oyunu\Savas_Ucagi_Oyunu.csproj", "{6E785657-A3B2-4DAC-9D0A-816FA6D7B145}"
EndProject
Global
	GlobalSection(SolutionConfigurationPlatforms) = preSolution
		Debug|Any CPU = Debug|Any CPU
		Release|Any CPU = Release|Any CPU
	EndGlobalSection
	GlobalSection(ProjectConfigurationPlatforms) = postSolution
		{6E785657-A3B2-4DAC-9D0A-816FA6D7B145}.Debug|Any CPU.ActiveCfg = Debug|Any CPU
		{6E785657-A3B2-4DAC-9D0A-816FA6D7B145}.Debug|Any CPU.Build.0 = Debug|Any CPU
		{6E785657-A3B2-4DAC-9D0A-816FA6D7B145}.Release|Any CPU.ActiveCfg = Release|Any CPU
		{6E785657-A3B2-4DAC-9D0A-816FA6D7B145}.Release|Any CPU.Build.0 = Release|Any CPU
	EndGlobalSection
	GlobalSection(SolutionProperties) = preSolution
		HideSolutionNode = FALSE
	EndGlobalSection
	GlobalSection(ExtensibilityGlobals) = postSolution
		SolutionGuid = {4057932C-3069-4813-A667-9248BC11BA71}
	EndGlobalSection
EndGlobal
